
Microsoft Visual Studio Solution File, Format Version 12.00
Project("{FAE04EC0-301F-11D3-BF4B-00C04F79EFBC}") = "KommiVoyager", "KommiVoyager\KommiVoyager.csproj", "{C1E90FB7-E832-42AB-BBB6-C1BA938E69FA}"
EndProject
Global
	GlobalSection(SolutionConfigurationPlatforms) = preSolution
		Debug|Any CPU = Debug|Any CPU
		Release|Any CPU = Release|Any CPU
	EndGlobalSection
	GlobalSection(ProjectConfigurationPlatforms) = postSolution
		{C1E90FB7-E832-42AB-BBB6-C1BA938E69FA}.Debug|Any CPU.ActiveCfg = Debug|Any CPU
		{C1E90FB7-E832-42AB-BBB6-C1BA938E69FA}.Debug|Any CPU.Build.0 = Debug|Any CPU
		{C1E90FB7-E832-42AB-BBB6-C1BA938E69FA}.Release|Any CPU.ActiveCfg = Release|Any CPU
		{C1E90FB7-E832-42AB-BBB6-C1BA938E69FA}.Release|Any CPU.Build.0 = Release|Any CPU
	EndGlobalSection
EndGlobal
